
Microsoft Visual Studio Solution File, Format Version 12.00
# Visual Studio Version 17
VisualStudioVersion = 17.0.31903.59
MinimumVisualStudioVersion = 10.0.40219.1
Project("{2150E333-8FDC-42A3-9474-1A3956D46DE8}") = "tests", "tests", "{EC935141-E91E-49E7-971F-6EC0895D7360}"
EndProject
Project("{FAE04EC0-301F-11D3-BF4B-00C04F79EFBC}") = "Pos.Sync.Tests", "tests\Pos.Sync.Tests\Pos.Sync.Tests.csproj", "{EEFB1E84-19B6-43F4-A457-A40AB8350E24}"
EndProject
Project("{FAE04EC0-301F-11D3-BF4B-00C04F79EFBC}") = "Pos.Application.Tests", "tests\Pos.Application.Tests\Pos.Application.Tests.csproj", "{B011E82F-1A01-475F-846E-0DE2AF478285}"
EndProject
Project("{FAE04EC0-301F-11D3-BF4B-00C04F79EFBC}") = "Pos.Domain.Tests", "tests\Pos.Domain.Tests\Pos.Domain.Tests.csproj", "{CE5E9151-3971-4D6C-8745-85841D64BB7E}"
EndProject
Project("{2150E333-8FDC-42A3-9474-1A3956D46DE8}") = "src", "src", "{30F39D5A-E026-4E9E-8982-31BC517A46A2}"
EndProject
Project("{FAE04EC0-301F-11D3-BF4B-00C04F79EFBC}") = "Pos.Client.UI", "src\Pos.Client.UI\Pos.Client.UI.csproj", "{3144F0F6-EF72-4AF7-A045-DCBF18239FFC}"
EndProject
Project("{FAE04EC0-301F-11D3-BF4B-00C04F79EFBC}") = "Pos.Hardware.Abstractions", "src\Pos.Hardware.Abstractions\Pos.Hardware.Abstractions.csproj", "{EB85C527-4C58-4ED0-9522-3190DDBDFCC0}"
EndProject
Project("{FAE04EC0-301F-11D3-BF4B-00C04F79EFBC}") = "Pos.Application", "src\Pos.Application\Pos.Application.csproj", "{A97656FA-31A6-4B74-B208-511808C4383E}"
EndProject
Project("{FAE04EC0-301F-11D3-BF4B-00C04F79EFBC}") = "Pos.Hardware.Windows", "src\Pos.Hardware.Windows\Pos.Hardware.Windows.csproj", "{94823CA2-9783-40ED-9CFB-6467601157C6}"
EndProject
Project("{FAE04EC0-301F-11D3-BF4B-00C04F79EFBC}") = "Pos.Sync", "src\Pos.Sync\Pos.Sync.csproj", "{06C13CDA-A243-4F58-BCB7-8680E4561C09}"
EndProject
Project("{FAE04EC0-301F-11D3-BF4B-00C04F79EFBC}") = "Pos.Domain", "src\Pos.Domain\Pos.Domain.csproj", "{B8D7C570-96CF-48A8-80E5-73271BC48C64}"
EndProject
Project("{FAE04EC0-301F-11D3-BF4B-00C04F79EFBC}") = "Pos.Hardware.MacOS", "src\Pos.Hardware.MacOS\Pos.Hardware.MacOS.csproj", "{3725F46C-96AD-497C-9C5D-7792537B75DD}"
EndProject
Project("{FAE04EC0-301F-11D3-BF4B-00C04F79EFBC}") = "Pos.Api", "src\Pos.Api\Pos.Api.csproj", "{C86099AD-63FB-45EE-AC4B-86AAA9122DD6}"
EndProject
Project("{FAE04EC0-301F-11D3-BF4B-00C04F79EFBC}") = "Pos.Infrastructure", "src\Pos.Infrastructure\Pos.Infrastructure.csproj", "{3B3355C5-9984-4EFC-8FA5-BD74F0461369}"
EndProject
Project("{FAE04EC0-301F-11D3-BF4B-00C04F79EFBC}") = "Pos.Client.Core", "src\Pos.Client.Core\Pos.Client.Core.csproj", "{827F0238-4FAF-4D3B-A3AF-C3057EBEF2D4}"
EndProject
Project("{FAE04EC0-301F-11D3-BF4B-00C04F79EFBC}") = "Pos.Infrastructure.Tests", "tests\Pos.Infrastructure.Tests\Pos.Infrastructure.Tests.csproj", "{26305E4A-F564-4A59-9BE1-A91AE4BFCFA0}"
EndProject
Global
	GlobalSection(SolutionConfigurationPlatforms) = preSolution
		Debug|Any CPU = Debug|Any CPU
		Release|Any CPU = Release|Any CPU
	EndGlobalSection
	GlobalSection(SolutionProperties) = preSolution
		HideSolutionNode = FALSE
	EndGlobalSection
	GlobalSection(ProjectConfigurationPlatforms) = postSolution
		{EEFB1E84-19B6-43F4-A457-A40AB8350E24}.Debug|Any CPU.ActiveCfg = Debug|Any CPU
		{EEFB1E84-19B6-43F4-A457-A40AB8350E24}.Debug|Any CPU.Build.0 = Debug|Any CPU
		{EEFB1E84-19B6-43F4-A457-A40AB8350E24}.Release|Any CPU.ActiveCfg = Release|Any CPU
		{EEFB1E84-19B6-43F4-A457-A40AB8350E24}.Release|Any CPU.Build.0 = Release|Any CPU
		{B011E82F-1A01-475F-846E-0DE2AF478285}.Debug|Any CPU.ActiveCfg = Debug|Any CPU
		{B011E82F-1A01-475F-846E-0DE2AF478285}.Debug|Any CPU.Build.0 = Debug|Any CPU
		{B011E82F-1A01-475F-846E-0DE2AF478285}.Release|Any CPU.ActiveCfg = Release|Any CPU
		{B011E82F-1A01-475F-846E-0DE2AF478285}.Release|Any CPU.Build.0 = Release|Any CPU
		{CE5E9151-3971-4D6C-8745-85841D64BB7E}.Debug|Any CPU.ActiveCfg = Debug|Any CPU
		{CE5E9151-3971-4D6C-8745-85841D64BB7E}.Debug|Any CPU.Build.0 = Debug|Any CPU
		{CE5E9151-3971-4D6C-8745-85841D64BB7E}.Release|Any CPU.ActiveCfg = Release|Any CPU
		{CE5E9151-3971-4D6C-8745-85841D64BB7E}.Release|Any CPU.Build.0 = Release|Any CPU
		{3144F0F6-EF72-4AF7-A045-DCBF18239FFC}.Debug|Any CPU.ActiveCfg = Debug|Any CPU
		{3144F0F6-EF72-4AF7-A045-DCBF18239FFC}.Debug|Any CPU.Build.0 = Debug|Any CPU
		{3144F0F6-EF72-4AF7-A045-DCBF18239FFC}.Release|Any CPU.ActiveCfg = Release|Any CPU
		{3144F0F6-EF72-4AF7-A045-DCBF18239FFC}.Release|Any CPU.Build.0 = Release|Any CPU
		{EB85C527-4C58-4ED0-9522-3190DDBDFCC0}.Debug|Any CPU.ActiveCfg = Debug|Any CPU
		{EB85C527-4C58-4ED0-9522-3190DDBDFCC0}.Debug|Any CPU.Build.0 = Debug|Any CPU
		{EB85C527-4C58-4ED0-9522-3190DDBDFCC0}.Release|Any CPU.ActiveCfg = Release|Any CPU
		{EB85C527-4C58-4ED0-9522-3190DDBDFCC0}.Release|Any CPU.Build.0 = Release|Any CPU
		{A97656FA-31A6-4B74-B208-511808C4383E}.Debug|Any CPU.ActiveCfg = Debug|Any CPU
		{A97656FA-31A6-4B74-B208-511808C4383E}.Debug|Any CPU.Build.0 = Debug|Any CPU
		{A97656FA-31A6-4B74-B208-511808C4383E}.Release|Any CPU.ActiveCfg = Release|Any CPU
		{A97656FA-31A6-4B74-B208-511808C4383E}.Release|Any CPU.Build.0 = Release|Any CPU
		{94823CA2-9783-40ED-9CFB-6467601157C6}.Debug|Any CPU.ActiveCfg = Debug|Any CPU
		{94823CA2-9783-40ED-9CFB-6467601157C6}.Debug|Any CPU.Build.0 = Debug|Any CPU
		{94823CA2-9783-40ED-9CFB-6467601157C6}.Release|Any CPU.ActiveCfg = Release|Any CPU
		{94823CA2-9783-40ED-9CFB-6467601157C6}.Release|Any CPU.Build.0 = Release|Any CPU
		{06C13CDA-A243-4F58-BCB7-8680E4561C09}.Debug|Any CPU.ActiveCfg = Debug|Any CPU
		{06C13CDA-A243-4F58-BCB7-8680E4561C09}.Debug|Any CPU.Build.0 = Debug|Any CPU
		{06C13CDA-A243-4F58-BCB7-8680E4561C09}.Release|Any CPU.ActiveCfg = Release|Any CPU
		{06C13CDA-A243-4F58-BCB7-8680E4561C09}.Release|Any CPU.Build.0 = Release|Any CPU
		{B8D7C570-96CF-48A8-80E5-73271BC48C64}.Debug|Any CPU.ActiveCfg = Debug|Any CPU
		{B8D7C570-96CF-48A8-80E5-73271BC48C64}.Debug|Any CPU.Build.0 = Debug|Any CPU
		{B8D7C570-96CF-48A8-80E5-73271BC48C64}.Release|Any CPU.ActiveCfg = Release|Any CPU
		{B8D7C570-96CF-48A8-80E5-73271BC48C64}.Release|Any CPU.Build.0 = Release|Any CPU
		{3725F46C-96AD-497C-9C5D-7792537B75DD}.Debug|Any CPU.ActiveCfg = Debug|Any CPU
		{3725F46C-96AD-497C-9C5D-7792537B75DD}.Debug|Any CPU.Build.0 = Debug|Any CPU
		{3725F46C-96AD-497C-9C5D-7792537B75DD}.Release|Any CPU.ActiveCfg = Release|Any CPU
		{3725F46C-96AD-497C-9C5D-7792537B75DD}.Release|Any CPU.Build.0 = Release|Any CPU
		{C86099AD-63FB-45EE-AC4B-86AAA9122DD6}.Debug|Any CPU.ActiveCfg = Debug|Any CPU
		{C86099AD-63FB-45EE-AC4B-86AAA9122DD6}.Debug|Any CPU.Build.0 = Debug|Any CPU
		{C86099AD-63FB-45EE-AC4B-86AAA9122DD6}.Release|Any CPU.ActiveCfg = Release|Any CPU
		{C86099AD-63FB-45EE-AC4B-86AAA9122DD6}.Release|Any CPU.Build.0 = Release|Any CPU
		{3B3355C5-9984-4EFC-8FA5-BD74F0461369}.Debug|Any CPU.ActiveCfg = Debug|Any CPU
		{3B3355C5-9984-4EFC-8FA5-BD74F0461369}.Debug|Any CPU.Build.0 = Debug|Any CPU
		{3B3355C5-9984-4EFC-8FA5-BD74F0461369}.Release|Any CPU.ActiveCfg = Release|Any CPU
		{3B3355C5-9984-4EFC-8FA5-BD74F0461369}.Release|Any CPU.Build.0 = Release|Any CPU
		{827F0238-4FAF-4D3B-A3AF-C3057EBEF2D4}.Debug|Any CPU.ActiveCfg = Debug|Any CPU
		{827F0238-4FAF-4D3B-A3AF-C3057EBEF2D4}.Debug|Any CPU.Build.0 = Debug|Any CPU
		{827F0238-4FAF-4D3B-A3AF-C3057EBEF2D4}.Release|Any CPU.ActiveCfg = Release|Any CPU
		{827F0238-4FAF-4D3B-A3AF-C3057EBEF2D4}.Release|Any CPU.Build.0 = Release|Any CPU
		{26305E4A-F564-4A59-9BE1-A91AE4BFCFA0}.Debug|Any CPU.ActiveCfg = Debug|Any CPU
		{26305E4A-F564-4A59-9BE1-A91AE4BFCFA0}.Debug|Any CPU.Build.0 = Debug|Any CPU
		{26305E4A-F564-4A59-9BE1-A91AE4BFCFA0}.Release|Any CPU.ActiveCfg = Release|Any CPU
		{26305E4A-F564-4A59-9BE1-A91AE4BFCFA0}.Release|Any CPU.Build.0 = Release|Any CPU
	EndGlobalSection
	GlobalSection(NestedProjects) = preSolution
		{EEFB1E84-19B6-43F4-A457-A40AB8350E24} = {EC935141-E91E-49E7-971F-6EC0895D7360}
		{B011E82F-1A01-475F-846E-0DE2AF478285} = {EC935141-E91E-49E7-971F-6EC0895D7360}
		{CE5E9151-3971-4D6C-8745-85841D64BB7E} = {EC935141-E91E-49E7-971F-6EC0895D7360}
		{3144F0F6-EF72-4AF7-A045-DCBF18239FFC} = {30F39D5A-E026-4E9E-8982-31BC517A46A2}
		{EB85C527-4C58-4ED0-9522-3190DDBDFCC0} = {30F39D5A-E026-4E9E-8982-31BC517A46A2}
		{A97656FA-31A6-4B74-B208-511808C4383E} = {30F39D5A-E026-4E9E-8982-31BC517A46A2}
		{94823CA2-9783-40ED-9CFB-6467601157C6} = {30F39D5A-E026-4E9E-8982-31BC517A46A2}
		{06C13CDA-A243-4F58-BCB7-8680E4561C09} = {30F39D5A-E026-4E9E-8982-31BC517A46A2}
		{B8D7C570-96CF-48A8-80E5-73271BC48C64} = {30F39D5A-E026-4E9E-8982-31BC517A46A2}
		{3725F46C-96AD-497C-9C5D-7792537B75DD} = {30F39D5A-E026-4E9E-8982-31BC517A46A2}
		{C86099AD-63FB-45EE-AC4B-86AAA9122DD6} = {30F39D5A-E026-4E9E-8982-31BC517A46A2}
		{3B3355C5-9984-4EFC-8FA5-BD74F0461369} = {30F39D5A-E026-4E9E-8982-31BC517A46A2}
		{827F0238-4FAF-4D3B-A3AF-C3057EBEF2D4} = {30F39D5A-E026-4E9E-8982-31BC517A46A2}
		{26305E4A-F564-4A59-9BE1-A91AE4BFCFA0} = {EC935141-E91E-49E7-971F-6EC0895D7360}
	EndGlobalSection
EndGlobal
